github.com/go-logr/logr v1.2.0/go.mod h1:jdQByPbusPIv2/zmleS9BjJVeZ6kBagPoEUsqbVz/1A=
github.com/go-logr/logr v1.2.3 h1:2DntVwHkVopvECVRSlL5PSo9eG+cAkDCuckLubN+rq0=
github.com/go-logr/logr v1.2.3/go.mod h1:jdQByPbusPIv2/zmleS9BjJVeZ6kBagPoEUsqbVz/1A=
github.com/go-logr/logr v1.4.2 h1:6pFjapn8bFcIbiKo3XT4j/BhANplGihG6tvd+8rYgrY=
github.com/go-logr/logr v1.4.2/go.mod h1:9T104GzyrTigFIr8wt5mBrctHMim0Nb2HLGrmQ40KvY=
github.com/go-logr/logr v1.4.3 h1:CjnDlHq8ikf6E492q6eKboGOC0T8CDaOvkHCIg8idEI=
github.com/go-logr/logr v1.4.3/go.mod h1:9T104GzyrTigFIr8wt5mBrctHMim0Nb2HLGrmQ40KvY=
github.com/jtagcat/util v0.0.0-20221112215320-924d264211be h1:WZnF7Cfq7hQ4v/9VXR7UTgIONhmbAJ5RU0jjM3dLw60=
github.com/jtagcat/util v0.0.0-20221112215320-924d264211be/go.mod h1:rYF5HxFwMvJBOgdcHyJC0VAJ2RonK1Y03omgM33k1nE=
github.com/jtagcat/util v0.0.0-20241219025147-e1b0d09e4131 h1:VUQ6+fMUWUB047JBv4qGvuODXAN0lMQ8+0aFF/Bftr4=
github.com/jtagcat/util v0.0.0-20241219025147-e1b0d09e4131/go.mod h1:vhQ/P0D4V8OxXyY5kAayJ2LCRPJ/PCWuQZWsT8Vip7I=
github.com/jtagcat/util v0.0.0-20251006210414-3eb88bfdb84e h1:c2U/fMEmQatSxJ4kvbGKJXIeylgqALywVBCyZ2yGeDk=
github.com/jtagcat/util v0.0.0-20251006210414-3eb88bfdb84e/go.mod h1:p5MTylFJkTp9uI7AOha1urdpnMOlxZ7jKX86Wvwt954=
k8s.io/apimachinery v0.25.4 h1:CtXsuaitMESSu339tfhVXhQrPET+EiWnIY1rcurKnAc=
k8s.io/apimachinery v0.25.4/go.mod h1:jaF9C/iPNM1FuLl7Zuy5b9v+n35HGSh6AQ4HYRkCqwo=
k8s.io/apimachinery v0.32.0 h1:cFSE7N3rmEEtv4ei5X6DaJPHHX0C+upp+v5lVPiEwpg=
k8s.io/apimachinery v0.32.0/go.mod h1:GpHVgxoKlTxClKcteaeuF1Ul/lDVb74KpZcxcmLDElE=
k8s.io/apimachinery v0.35.0 h1:Z2L3IHvPVv/MJ7xRxHEtk6GoJElaAqDCCU0S6ncYok8=
k8s.io/apimachinery v0.35.0/go.mod h1:jQCgFZFR1F4Ik7hvr2g84RTJSZegBc8yHgFWKn//hns=
k8s.io/klog/v2 v2.80.1 h1:atnLQ121W371wYYFawwYx1aEY2eUfs4l3J72wtgAwV4=
k8s.io/klog/v2 v2.80.1/go.mod h1:y1WjHnz7Dj687irZUWR/WLkLc5N1YHtjLdmgWjndZn0=
k8s.io/klog/v2 v2.130.1 h1:n9Xl7H1Xvksem4KFG4PYbdQCQxqc/tTUyrgXaOhHSzk=
k8s.io/klog/v2 v2.130.1/go.mod h1:3Jpz1GvMt720eyJH1ckRHK1EDfpxISzJ7I9OYgaDtPE=
k8s.io/utils v0.0.0-20221108210102-8e77b1f39fe2 h1:GfD9OzL11kvZN5iArC6oTS7RTj7oJOIfnislxYlqTj8=
k8s.io/utils v0.0.0-20221108210102-8e77b1f39fe2/go.mod h1:OLgZIPagt7ERELqWJFomSt595RzquPNLL48iOWgYOg0=
k8s.io/utils v0.0.0-20241210054802-24370beab758 h1:sdbE21q2nlQtFh65saZY+rRM6x6aJJI8IUa1AmH/qa0=
k8s.io/utils v0.0.0-20241210054802-24370beab758/go.mod h1:OLgZIPagt7ERELqWJFomSt595RzquPNLL48iOWgYOg0=
k8s.io/utils v0.0.0-20260108192941-914a6e750570 h1:JT4W8lsdrGENg9W+YwwdLJxklIuKWdRm+BC+xt33FOY=
k8s.io/utils v0.0.0-20260108192941-914a6e750570/go.mod h1:xDxuJ0whA3d0I4mf/C4ppKHxXynQ+fxnkmQH0vTHnuk=
